
Microsoft Visual Studio Solution File, Format Version 11.00
# Visual Studio 2010
Project("{FAE04EC0-301F-11D3-BF4B-00C04F79EFBC}") = "Postmark.Net35", "Postmark.Net35.csproj", "{11AEADBD-E73D-46AC-BB6E-85C71DF0E6D9}"
EndProject
Global
	GlobalSection(SolutionConfigurationPlatforms) = preSolution
		Debug|Any CPU = Debug|Any CPU
		Release|Any CPU = Release|Any CPU
	EndGlobalSection
	GlobalSection(ProjectConfigurationPlatforms) = postSolution
		{11AEADBD-E73D-46AC-BB6E-85C71DF0E6D9}.Debug|Any CPU.ActiveCfg = Debug|Any CPU
		{11AEADBD-E73D-46AC-BB6E-85C71DF0E6D9}.Debug|Any CPU.Build.0 = Debug|Any CPU
		{11AEADBD-E73D-46AC-BB6E-85C71DF0E6D9}.Release|Any CPU.ActiveCfg = Release|Any CPU
		{11AEADBD-E73D-46AC-BB6E-85C71DF0E6D9}.Release|Any CPU.Build.0 = Release|Any CPU
	EndGlobalSection
	GlobalSection(MonoDevelopProperties) = preSolution
		StartupItem = Postmark.Net35.csproj
	EndGlobalSection
EndGlobal
