Microsoft Visual Studio Solution File, Format Version 12.00
# Visual Studio 15
VisualStudioVersion = 15.0.26430.14
MinimumVisualStudioVersion = 15.0.26124.0
Project("{9A19103F-16F7-4668-BE54-9A1E7A4F7556}") = "Postmark.Tests", "Postmark.Tests\Postmark.Tests.csproj", "{C85239B1-9A60-4E22-893F-EDCE3486BB0C}"
EndProject
Project("{9A19103F-16F7-4668-BE54-9A1E7A4F7556}") = "Postmark", "Postmark\Postmark.csproj", "{AF380AB6-152E-4869-93BB-42DE7BDCCAE3}"
EndProject
Global
	GlobalSection(SolutionConfigurationPlatforms) = preSolution
		Debug|Any CPU = Debug|Any CPU
		Debug|x64 = Debug|x64
		Debug|x86 = Debug|x86
		Release|Any CPU = Release|Any CPU
		Release|x64 = Release|x64
		Release|x86 = Release|x86
	EndGlobalSection
	GlobalSection(ProjectConfigurationPlatforms) = postSolution
		{C85239B1-9A60-4E22-893F-EDCE3486BB0C}.Debug|Any CPU.ActiveCfg = Debug|Any CPU
		{C85239B1-9A60-4E22-893F-EDCE3486BB0C}.Debug|Any CPU.Build.0 = Debug|Any CPU
		{C85239B1-9A60-4E22-893F-EDCE3486BB0C}.Debug|x64.ActiveCfg = Debug|Any CPU
		{C85239B1-9A60-4E22-893F-EDCE3486BB0C}.Debug|x64.Build.0 = Debug|Any CPU
		{C85239B1-9A60-4E22-893F-EDCE3486BB0C}.Debug|x86.ActiveCfg = Debug|Any CPU
		{C85239B1-9A60-4E22-893F-EDCE3486BB0C}.Debug|x86.Build.0 = Debug|Any CPU
		{C85239B1-9A60-4E22-893F-EDCE3486BB0C}.Release|Any CPU.ActiveCfg = Release|Any CPU
		{C85239B1-9A60-4E22-893F-EDCE3486BB0C}.Release|Any CPU.Build.0 = Release|Any CPU
		{C85239B1-9A60-4E22-893F-EDCE3486BB0C}.Release|x64.ActiveCfg = Release|Any CPU
		{C85239B1-9A60-4E22-893F-EDCE3486BB0C}.Release|x64.Build.0 = Release|Any CPU
		{C85239B1-9A60-4E22-893F-EDCE3486BB0C}.Release|x86.ActiveCfg = Release|Any CPU
		{C85239B1-9A60-4E22-893F-EDCE3486BB0C}.Release|x86.Build.0 = Release|Any CPU
		{AF380AB6-152E-4869-93BB-42DE7BDCCAE3}.Debug|Any CPU.ActiveCfg = Debug|Any CPU
		{AF380AB6-152E-4869-93BB-42DE7BDCCAE3}.Debug|Any CPU.Build.0 = Debug|Any CPU
		{AF380AB6-152E-4869-93BB-42DE7BDCCAE3}.Debug|x64.ActiveCfg = Debug|Any CPU
		{AF380AB6-152E-4869-93BB-42DE7BDCCAE3}.Debug|x64.Build.0 = Debug|Any CPU
		{AF380AB6-152E-4869-93BB-42DE7BDCCAE3}.Debug|x86.ActiveCfg = Debug|Any CPU
		{AF380AB6-152E-4869-93BB-42DE7BDCCAE3}.Debug|x86.Build.0 = Debug|Any CPU
		{AF380AB6-152E-4869-93BB-42DE7BDCCAE3}.Release|Any CPU.ActiveCfg = Release|Any CPU
		{AF380AB6-152E-4869-93BB-42DE7BDCCAE3}.Release|Any CPU.Build.0 = Release|Any CPU
		{AF380AB6-152E-4869-93BB-42DE7BDCCAE3}.Release|x64.ActiveCfg = Release|Any CPU
		{AF380AB6-152E-4869-93BB-42DE7BDCCAE3}.Release|x64.Build.0 = Release|Any CPU
		{AF380AB6-152E-4869-93BB-42DE7BDCCAE3}.Release|x86.ActiveCfg = Release|Any CPU
		{AF380AB6-152E-4869-93BB-42DE7BDCCAE3}.Release|x86.Build.0 = Release|Any CPU
	EndGlobalSection
	GlobalSection(SolutionProperties) = preSolution
		HideSolutionNode = FALSE
	EndGlobalSection
EndGlobal
